<?xml version="1.0" encoding="utf-8"?>
<Project ToolsVersion="4.0" xmlns="http://schemas.microsoft.com/developer/msbuild/2003">
  <ItemGroup>
    <Filter Include="Source Files">
      <UniqueIdentifier>{4FC737F1-C7A5-4376-A066-2A32D752A2FF}</UniqueIdentifier>
      <Extensions>cpp;c;cc;cxx;def;odl;idl;hpj;bat;asm;asmx</Extensions>
    </Filter>
    <Filter Include="Header Files">
      <UniqueIdentifier>{93995380-89BD-4b04-88EB-625FBE52EBFB}</UniqueIdentifier>
      <Extensions>h;hpp;hxx;hm;inl;inc;xsd</Extensions>
    </Filter>
    <Filter Include="Resource Files">
      <UniqueIdentifier>{67DA6AB6-F800-4c08-8B7A-83BB121AAD01}</UniqueIdentifier>
      <Extensions>rc;ico;cur;bmp;dlg;rc2;rct;bin;rgs;gif;jpg;jpeg;jpe;resx;tiff;tif;png;wav;mfcribbon-ms</Extensions>
    </Filter>
    <Filter Include="Source Files\FactorTypes">
      <UniqueIdentifier>{f19908c2-1475-4bce-9f3b-de3383bf2b24}</UniqueIdentifier>
    </Filter>
    <Filter Include="Header Files\FactorTypes">
      <UniqueIdentifier>{75b0d8fc-c232-4a09-afa0-2adfde71a143}</UniqueIdentifier>
    </Filter>
  </ItemGroup>
  <ItemGroup>
    <ClCompile Include="..\example.cpp">
      <Filter>Source Files</Filter>
    </ClCompile>
    <ClCompile Include="..\FactorTypes\GeneralType.cpp">
      <Filter>Source Files\FactorTypes</Filter>
    </ClCompile>
    <ClCompile Include="..\FactorTypes\PairwiseType.cpp">
      <Filter>Source Files\FactorTypes</Filter>
    </ClCompile>
    <ClCompile Include="..\FactorTypes\PatternType.cpp">
      <Filter>Source Files\FactorTypes</Filter>
    </ClCompile>
    <ClCompile Include="..\FactorTypes\PottsType.cpp">
      <Filter>Source Files\FactorTypes</Filter>
    </ClCompile>
    <ClCompile Include="..\FactorTypes\SharedPairwiseType.cpp">
      <Filter>Source Files\FactorTypes</Filter>
    </ClCompile>
    <ClCompile Include="..\FactorTypes\PairwiseDualType.cpp">
      <Filter>Source Files\FactorTypes</Filter>
    </ClCompile>
    <ClCompile Include="..\Algs\AddEdges.cpp">
      <Filter>Source Files</Filter>
    </ClCompile>
    <ClCompile Include="..\Algs\debug.cpp">
      <Filter>Source Files</Filter>
    </ClCompile>
    <ClCompile Include="..\Algs\energy.cpp">
      <Filter>Source Files</Filter>
    </ClCompile>
    <ClCompile Include="..\Algs\MPLP.cpp">
      <Filter>Source Files</Filter>
    </ClCompile>
    <ClCompile Include="..\Algs\order.cpp">
      <Filter>Source Files</Filter>
    </ClCompile>
    <ClCompile Include="..\Algs\SRMP.cpp">
      <Filter>Source Files</Filter>
    </ClCompile>
    <ClCompile Include="..\Algs\triplets.cpp">
      <Filter>Source Files</Filter>
    </ClCompile>
    <ClCompile Include="..\Algs\CMP.cpp">
      <Filter>Source Files</Filter>
    </ClCompile>
  </ItemGroup>
  <ItemGroup>
    <ClInclude Include="..\SRMP.h">
      <Filter>Header Files</Filter>
    </ClInclude>
    <ClInclude Include="..\FactorTypes\GeneralType.h">
      <Filter>Header Files\FactorTypes</Filter>
    </ClInclude>
    <ClInclude Include="..\FactorTypes\PairwiseType.h">
      <Filter>Header Files\FactorTypes</Filter>
    </ClInclude>
    <ClInclude Include="..\FactorTypes\PatternType.h">
      <Filter>Header Files\FactorTypes</Filter>
    </ClInclude>
    <ClInclude Include="..\FactorTypes\PottsType.h">
      <Filter>Header Files\FactorTypes</Filter>
    </ClInclude>
    <ClInclude Include="..\FactorTypes\SharedPairwiseType.h">
      <Filter>Header Files\FactorTypes</Filter>
    </ClInclude>
    <ClInclude Include="..\FactorTypes\PairwiseDualType.h">
      <Filter>Header Files\FactorTypes</Filter>
    </ClInclude>
    <ClInclude Include="..\Algs\block.h">
      <Filter>Header Files</Filter>
    </ClInclude>
    <ClInclude Include="..\Algs\PQ.h">
      <Filter>Header Files</Filter>
    </ClInclude>
    <ClInclude Include="..\Algs\timer.h">
      <Filter>Header Files</Filter>
    </ClInclude>
    <ClInclude Include="..\Algs\util.h">
      <Filter>Header Files</Filter>
    </ClInclude>
  </ItemGroup>
</Project>